github.com/davecgh/go-spew v1.1.1 h1:vj9j/u1bqnvCEfJOwUhtlOARqs3+rkHYY13jYWTU97c=
github.com/davecgh/go-spew v1.1.1/go.mod h1:J7Y8YcW2NihsgmVo/mv3lAwl/skON4iLHjSsI+c5H38=
github.com/gomodule/redigo v1.9.2 h1:HrutZBLhSIU8abiSfW8pj8mPhOyMYjZT/wcA4/L9L9s=
github.com/gomodule/redigo v1.9.2/go.mod h1:KsU3hiK/Ay8U42qpaJk+kuNa3C+spxapWpM+ywhcgtw=
github.com/google/uuid v1.6.0 h1:NIvaJDMOsjHA8n1jAhLSgzrAzy1Hgr+hNrb57e+94F0=
github.com/google/uuid v1.6.0/go.mod h1:TIyPZe4MgqvfeYDBFedMoGGpEw/LqOeaOT+nhxU+yHo=
github.com/oleg578/jwts v0.0.0-20250906153343-a96dc4f428a5 h1:bnd9WFZzbhE5i8LyhBa4Y3SaKP4o5LMqS3GRMiTOsjc=
github.com/oleg578/jwts v0.0.0-20250906153343-a96dc4f428a5/go.mod h1:RCPzuUK+Wq1uwC1mNg3Bdj0VqUdBtOCUlNFtWVOs0i4=
github.com/oleg578/loglog v0.0.0-20240511202405-e39de0f04d8b h1:s0JF+Rb5+vGOib+hxDxz2Z475DWPByKNIx3hJgFThSY=
github.com/oleg578/loglog v0.0.0-20240511202405-e39de0f04d8b/go.mod h1:1fYPGTDu1eoHxmTsZA7UyzADAXAel9CNtMD+jSqXvfg=
github.com/pmezard/go-difflib v1.0.0 h1:4DBwDE0NGyQoBHbLQYPwSUPoCMWR5BEzIk/f1lZbAQM=
github.com/pmezard/go-difflib v1.0.0/go.mod h1:iKH77koFhYxTK1pcRnkKkqfTogsbg7gZNVY4sRDYZ/4=
github.com/stretchr/testify v1.8.4 h1:CcVxjf3Q8PM0mHUKJCdn+eZZtm5yQwehR5yeSVQQcUk=
github.com/stretchr/testify v1.8.4/go.mod h1:sz/lmYIOXD/1dqDmKjjqLyZ2RngseejIcXlSw2iwfAo=
golang.org/x/crypto v0.41.0 h1:WKYxWedPGCTVVl5+WHSSrOBT0O8lx32+zxmHxijgXp4=
golang.org/x/crypto v0.41.0/go.mod h1:pO5AFd7FA68rFak7rOAGVuygIISepHftHnr8dr6+sUc=
golang.org/x/net v0.42.0 h1:jzkYrhi3YQWD6MLBJcsklgQsoAcw89EcZbJw8Z614hs=
golang.org/x/net v0.42.0/go.mod h1:FF1RA5d3u7nAYA4z2TkclSCKh68eSXtiFwcWQpPXdt8=
golang.org/x/text v0.28.0 h1:rhazDwis8INMIwQ4tpjLDzUhx6RlXqZNPEM0huQojng=
golang.org/x/text v0.28.0/go.mod h1:U8nCwOR8jO/marOQ0QbDiOngZVEBB7MAiitBuMjXiNU=
gopkg.in/yaml.v3 v3.0.1 h1:fxVm/GzAzEWqLHuvctI91KS9hhNmmWOoWu0XTYJS7CA=
gopkg.in/yaml.v3 v3.0.1/go.mod h1:K4uyk7z7BCEPqu6E+C64Yfv1cQ7kz7rIZviUmN+EgEM=
